{
  "originHash" : "44ec0499f0835c6d7127ade2f89811fba700fe8c74db39b870169eb3d09e160c",
  "pins" : [
    {
      "identity" : "nucleantvulkan",
      "kind" : "remoteSourceControl",
      "location" : "https://github.com/NucleantUI/NucleantVulkan",
      "state" : {
        "branch" : "master",
        "revision" : "0762049244dcc5ca017dbb660be0a7170c3b87ad"
      }
    },
    {
      "identity" : "sulphurgeometry",
      "kind" : "remoteSourceControl",
      "location" : "https://github.com/NucleantUI/SulphurGeometry",
      "state" : {
        "branch" : "init_upload",
        "revision" : "4ed1341820364d5223469ca201ffcce48b901d2b"
      }
    }
  ],
  "version" : 3
}
